github.com/common-nighthawk/go-figure v0.0.0-20200609044655-c4b36f998cf2/go.mod h1:mk5IQ+Y0ZeO87b858TlA645sVcEcbiX6YqP98kt+7+w=
github.com/cweill/gotests v1.5.3 h1:k3t4wW/x/YNixWZJhUIn+mivmK5iV1tJVOwVYkx0UcU=
github.com/cweill/gotests v1.5.3/go.mod h1:XZYOJkGVkCRoymaIzmp9Wyi3rUgfA3oOnkuljYrjFV8=
github.com/vitecoin/zi v0.0.0-20201016175020-aa4b10cc5cf6 h1:Jlo5RLUsaHJSihSp7TgvbwDPoNSEEBku4qI+w4Ra5A0=
github.com/vitecoin/zi v0.0.0-20201016175020-aa4b10cc5cf6/go.mod h1:7mFsU8yM6cMPu7JxT7DdnzVV5hP8VHdMP7pmzdSMgvM=
github.com/vitecoin/zi v0.0.0-20201021170033-e80496d47387 h1:ddDldhsZ+H03ErlujelTlV7Cnev/wtHiyaQXZHuHKtk=
github.com/vitecoin/zi v0.0.0-20201021170033-e80496d47387/go.mod h1:7mFsU8yM6cMPu7JxT7DdnzVV5hP8VHdMP7pmzdSMgvM=
github.com/vitecoin/zi v0.0.0-20201021171531-aff731d99f44 h1:EN6c0YPIKkuoHSNxhzyRjKeN8kCTEnSdeIr2iQQYT3U=
github.com/vitecoin/zi v0.0.0-20201021171531-aff731d99f44/go.mod h1:7mFsU8yM6cMPu7JxT7DdnzVV5hP8VHdMP7pmzdSMgvM=
github.com/vitecoin/zi v0.0.0-20201021190653-eb490a521e3e h1:fgdQ9+/zcOE9q253qPVhsRp36byEjNXMSv/8CaHbNus=
github.com/vitecoin/zi v0.0.0-20201021190653-eb490a521e3e/go.mod h1:7mFsU8yM6cMPu7JxT7DdnzVV5hP8VHdMP7pmzdSMgvM=
github.com/vitecoin/zi v0.0.0-20201021220745-e6ff3e4c3d78 h1:+Vi2FpTRwqNBqDdJLThHnJOlinFpW6WwWfstL/4vKIY=
github.com/vitecoin/zi v0.0.0-20201021220745-e6ff3e4c3d78/go.mod h1:7mFsU8yM6cMPu7JxT7DdnzVV5hP8VHdMP7pmzdSMgvM=
github.com/vitecoin/zi v0.0.0-20201022005733-4fb5a731f6b0 h1:e9qOAiO+6F7NJN8hGXIg7wJrXeFian66zKXXZPy8wHc=
github.com/vitecoin/zi v0.0.0-20201022005733-4fb5a731f6b0/go.mod h1:7mFsU8yM6cMPu7JxT7DdnzVV5hP8VHdMP7pmzdSMgvM=
github.com/vitecoin/zi v0.0.0-20201022011838-5ea9a46e7dfb h1:X39Z0jWfjAhb7XZ5dO+jVuAS9rZRh4XZEvKXKklDkVg=
github.com/vitecoin/zi v0.0.0-20201022011838-5ea9a46e7dfb/go.mod h1:7mFsU8yM6cMPu7JxT7DdnzVV5hP8VHdMP7pmzdSMgvM=
github.com/vitecoin/zi v0.0.0-20201022205217-c9b3a4fc17a9 h1:/53S2VS+qoDGcLA6fEoZajbH+uiFyjgIZoifU/AoiGU=
github.com/vitecoin/zi v0.0.0-20201022205217-c9b3a4fc17a9/go.mod h1:7mFsU8yM6cMPu7JxT7DdnzVV5hP8VHdMP7pmzdSMgvM=
github.com/yuin/goldmark v1.2.1/go.mod h1:3hX8gzYuyVAZsxl0MRgGTJEmQBFcNTphYh9decYSb74=
golang.org/x/crypto v0.0.0-20190308221718-c2843e01d9a2/go.mod h1:djNgcEr1/C05ACkg1iLfiJU5Ep61QUkGW8qpdssI0+w=
golang.org/x/crypto v0.0.0-20191011191535-87dc89f01550/go.mod h1:yigFU9vqHzYiE8UmvKecakEJjdnWj3jj499lnFckfCI=
golang.org/x/crypto v0.0.0-20200622213623-75b288015ac9/go.mod h1:LzIPMQfyMNhhGPhUkYOs5KpL4U8rLKemX1yGLhDgUto=
golang.org/x/mod v0.3.0 h1:RM4zey1++hCTbCVQfnWeKs9/IEsaBLA8vTkd0WVtmH4=
golang.org/x/mod v0.3.0/go.mod h1:s0Qsj1ACt9ePp/hMypM3fl4fZqREWJwdYDEqhRiZZUA=
golang.org/x/net v0.0.0-20190404232315-eb5bcb51f2a3/go.mod h1:t9HGtf8HONx5eT2rtn7q6eTqICYqUVnKs3thJo3Qplg=
golang.org/x/net v0.0.0-20190620200207-3b0461eec859/go.mod h1:z5CRVTTTmAJ677TzLLGU+0bjPO0LkuOLi4/5GtJWs/s=
golang.org/x/net v0.0.0-20201021035429-f5854403a974/go.mod h1:sp8m0HH+o8qH0wwXwYZr8TS3Oi6o0r6Gce1SSxlDquU=
golang.org/x/sync v0.0.0-20190423024810-112230192c58/go.mod h1:RxMgew5VJxzue5/jJTE5uejpjVlOe/izrB70Jof72aM=
golang.org/x/sync v0.0.0-20201020160332-67f06af15bc9/go.mod h1:RxMgew5VJxzue5/jJTE5uejpjVlOe/izrB70Jof72aM=
golang.org/x/sys v0.0.0-20190215142949-d0b11bdaac8a/go.mod h1:STP8DvDyc/dI5b8T5hshtkjS+E42TnysNCUPdjciGhY=
golang.org/x/sys v0.0.0-20190412213103-97732733099d/go.mod h1:h1NjWce9XRLGQEsW7wpKNCjG9DtNlClVuFLEZdDNbEs=
golang.org/x/sys v0.0.0-20200930185726-fdedc70b468f/go.mod h1:h1NjWce9XRLGQEsW7wpKNCjG9DtNlClVuFLEZdDNbEs=
golang.org/x/text v0.3.0/go.mod h1:NqM8EUOU14njkJ3fqMW+pc6Ldnwhi/IjpwHt7yyuwOQ=
golang.org/x/text v0.3.3/go.mod h1:5Zoc/QRtKVWzQhOtBMvqHzDpF6irO9z98xDceosuGiQ=
golang.org/x/tools v0.0.0-20180917221912-90fa682c2a6e/go.mod h1:n7NCudcB/nEzxVGmLbDWY5pfWTLqBcC2KZ6jyYvM4mQ=
golang.org/x/tools v0.0.0-20191119224855-298f0cb1881e/go.mod h1:b+2E5dAYhXwXZwtnZ6UAqBI28+e2cm9otk0dWdXHAEo=
golang.org/x/tools v0.0.0-20201022035929-9cf592e881e9 h1:sEvmEcJVKBNUvgCUClbUQeHOAa9U0I2Ce1BooMvVCY4=
golang.org/x/tools v0.0.0-20201022035929-9cf592e881e9/go.mod h1:emZCQorbCU4vsT4fOWvOPXz4eW1wZW4PmDk9uLelYpA=
golang.org/x/xerrors v0.0.0-20190717185122-a985d3407aa7/go.mod h1:I/5z698sn9Ka8TeJc9MKroUUfqBBauWjQqLJ2OPfmY0=
golang.org/x/xerrors v0.0.0-20191011141410-1b5146add898/go.mod h1:I/5z698sn9Ka8TeJc9MKroUUfqBBauWjQqLJ2OPfmY0=
golang.org/x/xerrors v0.0.0-20200804184101-5ec99f83aff1 h1:go1bK/D/BFZV2I8cIQd1NKEZ+0owSTG1fDTci4IqFcE=
golang.org/x/xerrors v0.0.0-20200804184101-5ec99f83aff1/go.mod h1:I/5z698sn9Ka8TeJc9MKroUUfqBBauWjQqLJ2OPfmY0=
