github.com/common-nighthawk/go-figure v0.0.0-20200609044655-c4b36f998cf2/go.mod h1:mk5IQ+Y0ZeO87b858TlA645sVcEcbiX6YqP98kt+7+w=
github.com/vitecoin/zi v0.0.0-20201016175020-aa4b10cc5cf6 h1:Jlo5RLUsaHJSihSp7TgvbwDPoNSEEBku4qI+w4Ra5A0=
github.com/vitecoin/zi v0.0.0-20201016175020-aa4b10cc5cf6/go.mod h1:7mFsU8yM6cMPu7JxT7DdnzVV5hP8VHdMP7pmzdSMgvM=
